{
  "name": "GRUUT",
  "lockfileVersion": 2,
  "requires": true,
  "packages": {
    "": {
      "dependencies": {
        "tarteaucitronjs": "^1.10.0"
      }
    },
    "node_modules/tarteaucitronjs": {
      "version": "1.10.0",
      "resolved": "https://registry.npmjs.org/tarteaucitronjs/-/tarteaucitronjs-1.10.0.tgz",
      "integrity": "sha512-+DcPWPA9VsoT+vGGegcxu9fFrCOdFPtvzmO1P6OXFiF8ngNG1SsCWpxn+05XY0I3B0hNaVJgkSOoGm9cZUMjKA=="
    }
  },
  "dependencies": {
    "tarteaucitronjs": {
      "version": "1.10.0",
      "resolved": "https://registry.npmjs.org/tarteaucitronjs/-/tarteaucitronjs-1.10.0.tgz",
      "integrity": "sha512-+DcPWPA9VsoT+vGGegcxu9fFrCOdFPtvzmO1P6OXFiF8ngNG1SsCWpxn+05XY0I3B0hNaVJgkSOoGm9cZUMjKA=="
    }
  }
}
